
Microsoft Visual Studio Solution File, Format Version 12.00
# Visual Studio 15
VisualStudioVersion = 15.0.27130.2003
MinimumVisualStudioVersion = 10.0.40219.1
Project("{FAE04EC0-301F-11D3-BF4B-00C04F79EFBC}") = "Q42.HueApi.NET", "Q42.HueApi.NET\Q42.HueApi.NET.csproj", "{BBB3D8F5-5E2E-4366-81CC-D37BEBE10891}"
EndProject
Project("{9A19103F-16F7-4668-BE54-9A1E7A4F7556}") = "Q42.HueApi", "Q42.HueApi\Q42.HueApi.csproj", "{6BE87311-0ABB-4CDE-93AD-F8A3309A31E0}"
EndProject
Project("{9A19103F-16F7-4668-BE54-9A1E7A4F7556}") = "Q42.HueApi.ColorConverters", "Q42.HueApi.ColorConverters\Q42.HueApi.ColorConverters.csproj", "{30E87AE1-1276-43EB-9143-1513EB1F6FC3}"
EndProject
Project("{9A19103F-16F7-4668-BE54-9A1E7A4F7556}") = "Q42.HueApi.Streaming", "Q42.HueApi.Streaming\Q42.HueApi.Streaming.csproj", "{CAE9E389-2139-4BEB-94B5-A24E1788F68C}"
EndProject
Project("{2150E333-8FDC-42A3-9474-1A3956D46DE8}") = "Application", "Application", "{D6701C5A-228F-4C50-9382-818474CAC202}"
EndProject
Project("{FAE04EC0-301F-11D3-BF4B-00C04F79EFBC}") = "Hue Application UWP", "Hue UWP App v1\Hue Application UWP.csproj", "{C828849A-5D3C-44E9-96BA-EEF54289AFD3}"
EndProject
Project("{2150E333-8FDC-42A3-9474-1A3956D46DE8}") = "SDK", "SDK", "{E1DFA16F-BD7F-47B0-904F-2D884C4E76FD}"
EndProject
Global
	GlobalSection(SolutionConfigurationPlatforms) = preSolution
		CI|Any CPU = CI|Any CPU
		CI|ARM = CI|ARM
		CI|x64 = CI|x64
		CI|x86 = CI|x86
		Debug|Any CPU = Debug|Any CPU
		Debug|ARM = Debug|ARM
		Debug|x64 = Debug|x64
		Debug|x86 = Debug|x86
		Release|Any CPU = Release|Any CPU
		Release|ARM = Release|ARM
		Release|x64 = Release|x64
		Release|x86 = Release|x86
	EndGlobalSection
	GlobalSection(ProjectConfigurationPlatforms) = postSolution
		{BBB3D8F5-5E2E-4366-81CC-D37BEBE10891}.CI|Any CPU.ActiveCfg = CI|Any CPU
		{BBB3D8F5-5E2E-4366-81CC-D37BEBE10891}.CI|Any CPU.Build.0 = CI|Any CPU
		{BBB3D8F5-5E2E-4366-81CC-D37BEBE10891}.CI|ARM.ActiveCfg = CI|Any CPU
		{BBB3D8F5-5E2E-4366-81CC-D37BEBE10891}.CI|ARM.Build.0 = CI|Any CPU
		{BBB3D8F5-5E2E-4366-81CC-D37BEBE10891}.CI|x64.ActiveCfg = CI|Any CPU
		{BBB3D8F5-5E2E-4366-81CC-D37BEBE10891}.CI|x64.Build.0 = CI|Any CPU
		{BBB3D8F5-5E2E-4366-81CC-D37BEBE10891}.CI|x86.ActiveCfg = CI|Any CPU
		{BBB3D8F5-5E2E-4366-81CC-D37BEBE10891}.CI|x86.Build.0 = CI|Any CPU
		{BBB3D8F5-5E2E-4366-81CC-D37BEBE10891}.Debug|Any CPU.ActiveCfg = Debug|Any CPU
		{BBB3D8F5-5E2E-4366-81CC-D37BEBE10891}.Debug|Any CPU.Build.0 = Debug|Any CPU
		{BBB3D8F5-5E2E-4366-81CC-D37BEBE10891}.Debug|ARM.ActiveCfg = Debug|Any CPU
		{BBB3D8F5-5E2E-4366-81CC-D37BEBE10891}.Debug|x64.ActiveCfg = Debug|Any CPU
		{BBB3D8F5-5E2E-4366-81CC-D37BEBE10891}.Debug|x86.ActiveCfg = Debug|Any CPU
		{BBB3D8F5-5E2E-4366-81CC-D37BEBE10891}.Release|Any CPU.ActiveCfg = Release|Any CPU
		{BBB3D8F5-5E2E-4366-81CC-D37BEBE10891}.Release|Any CPU.Build.0 = Release|Any CPU
		{BBB3D8F5-5E2E-4366-81CC-D37BEBE10891}.Release|ARM.ActiveCfg = Release|Any CPU
		{BBB3D8F5-5E2E-4366-81CC-D37BEBE10891}.Release|x64.ActiveCfg = Release|Any CPU
		{BBB3D8F5-5E2E-4366-81CC-D37BEBE10891}.Release|x86.ActiveCfg = Release|Any CPU
		{6BE87311-0ABB-4CDE-93AD-F8A3309A31E0}.CI|Any CPU.ActiveCfg = Release|Any CPU
		{6BE87311-0ABB-4CDE-93AD-F8A3309A31E0}.CI|Any CPU.Build.0 = Release|Any CPU
		{6BE87311-0ABB-4CDE-93AD-F8A3309A31E0}.CI|ARM.ActiveCfg = Release|Any CPU
		{6BE87311-0ABB-4CDE-93AD-F8A3309A31E0}.CI|ARM.Build.0 = Release|Any CPU
		{6BE87311-0ABB-4CDE-93AD-F8A3309A31E0}.CI|x64.ActiveCfg = Release|Any CPU
		{6BE87311-0ABB-4CDE-93AD-F8A3309A31E0}.CI|x64.Build.0 = Release|Any CPU
		{6BE87311-0ABB-4CDE-93AD-F8A3309A31E0}.CI|x86.ActiveCfg = Release|Any CPU
		{6BE87311-0ABB-4CDE-93AD-F8A3309A31E0}.CI|x86.Build.0 = Release|Any CPU
		{6BE87311-0ABB-4CDE-93AD-F8A3309A31E0}.Debug|Any CPU.ActiveCfg = Debug|Any CPU
		{6BE87311-0ABB-4CDE-93AD-F8A3309A31E0}.Debug|Any CPU.Build.0 = Debug|Any CPU
		{6BE87311-0ABB-4CDE-93AD-F8A3309A31E0}.Debug|ARM.ActiveCfg = Debug|Any CPU
		{6BE87311-0ABB-4CDE-93AD-F8A3309A31E0}.Debug|ARM.Build.0 = Debug|Any CPU
		{6BE87311-0ABB-4CDE-93AD-F8A3309A31E0}.Debug|x64.ActiveCfg = Debug|Any CPU
		{6BE87311-0ABB-4CDE-93AD-F8A3309A31E0}.Debug|x64.Build.0 = Debug|Any CPU
		{6BE87311-0ABB-4CDE-93AD-F8A3309A31E0}.Debug|x86.ActiveCfg = Debug|Any CPU
		{6BE87311-0ABB-4CDE-93AD-F8A3309A31E0}.Debug|x86.Build.0 = Debug|Any CPU
		{6BE87311-0ABB-4CDE-93AD-F8A3309A31E0}.Release|Any CPU.ActiveCfg = Release|Any CPU
		{6BE87311-0ABB-4CDE-93AD-F8A3309A31E0}.Release|Any CPU.Build.0 = Release|Any CPU
		{6BE87311-0ABB-4CDE-93AD-F8A3309A31E0}.Release|ARM.ActiveCfg = Release|Any CPU
		{6BE87311-0ABB-4CDE-93AD-F8A3309A31E0}.Release|ARM.Build.0 = Release|Any CPU
		{6BE87311-0ABB-4CDE-93AD-F8A3309A31E0}.Release|x64.ActiveCfg = Release|Any CPU
		{6BE87311-0ABB-4CDE-93AD-F8A3309A31E0}.Release|x64.Build.0 = Release|Any CPU
		{6BE87311-0ABB-4CDE-93AD-F8A3309A31E0}.Release|x86.ActiveCfg = Release|Any CPU
		{6BE87311-0ABB-4CDE-93AD-F8A3309A31E0}.Release|x86.Build.0 = Release|Any CPU
		{30E87AE1-1276-43EB-9143-1513EB1F6FC3}.CI|Any CPU.ActiveCfg = Release|Any CPU
		{30E87AE1-1276-43EB-9143-1513EB1F6FC3}.CI|Any CPU.Build.0 = Release|Any CPU
		{30E87AE1-1276-43EB-9143-1513EB1F6FC3}.CI|ARM.ActiveCfg = Release|Any CPU
		{30E87AE1-1276-43EB-9143-1513EB1F6FC3}.CI|ARM.Build.0 = Release|Any CPU
		{30E87AE1-1276-43EB-9143-1513EB1F6FC3}.CI|x64.ActiveCfg = Release|Any CPU
		{30E87AE1-1276-43EB-9143-1513EB1F6FC3}.CI|x64.Build.0 = Release|Any CPU
		{30E87AE1-1276-43EB-9143-1513EB1F6FC3}.CI|x86.ActiveCfg = Release|Any CPU
		{30E87AE1-1276-43EB-9143-1513EB1F6FC3}.CI|x86.Build.0 = Release|Any CPU
		{30E87AE1-1276-43EB-9143-1513EB1F6FC3}.Debug|Any CPU.ActiveCfg = Debug|Any CPU
		{30E87AE1-1276-43EB-9143-1513EB1F6FC3}.Debug|Any CPU.Build.0 = Debug|Any CPU
		{30E87AE1-1276-43EB-9143-1513EB1F6FC3}.Debug|ARM.ActiveCfg = Debug|Any CPU
		{30E87AE1-1276-43EB-9143-1513EB1F6FC3}.Debug|ARM.Build.0 = Debug|Any CPU
		{30E87AE1-1276-43EB-9143-1513EB1F6FC3}.Debug|x64.ActiveCfg = Debug|Any CPU
		{30E87AE1-1276-43EB-9143-1513EB1F6FC3}.Debug|x64.Build.0 = Debug|Any CPU
		{30E87AE1-1276-43EB-9143-1513EB1F6FC3}.Debug|x86.ActiveCfg = Debug|Any CPU
		{30E87AE1-1276-43EB-9143-1513EB1F6FC3}.Debug|x86.Build.0 = Debug|Any CPU
		{30E87AE1-1276-43EB-9143-1513EB1F6FC3}.Release|Any CPU.ActiveCfg = Release|Any CPU
		{30E87AE1-1276-43EB-9143-1513EB1F6FC3}.Release|Any CPU.Build.0 = Release|Any CPU
		{30E87AE1-1276-43EB-9143-1513EB1F6FC3}.Release|ARM.ActiveCfg = Release|Any CPU
		{30E87AE1-1276-43EB-9143-1513EB1F6FC3}.Release|ARM.Build.0 = Release|Any CPU
		{30E87AE1-1276-43EB-9143-1513EB1F6FC3}.Release|x64.ActiveCfg = Release|Any CPU
		{30E87AE1-1276-43EB-9143-1513EB1F6FC3}.Release|x64.Build.0 = Release|Any CPU
		{30E87AE1-1276-43EB-9143-1513EB1F6FC3}.Release|x86.ActiveCfg = Release|Any CPU
		{30E87AE1-1276-43EB-9143-1513EB1F6FC3}.Release|x86.Build.0 = Release|Any CPU
		{CAE9E389-2139-4BEB-94B5-A24E1788F68C}.CI|Any CPU.ActiveCfg = Release|Any CPU
		{CAE9E389-2139-4BEB-94B5-A24E1788F68C}.CI|Any CPU.Build.0 = Release|Any CPU
		{CAE9E389-2139-4BEB-94B5-A24E1788F68C}.CI|ARM.ActiveCfg = Release|Any CPU
		{CAE9E389-2139-4BEB-94B5-A24E1788F68C}.CI|ARM.Build.0 = Release|Any CPU
		{CAE9E389-2139-4BEB-94B5-A24E1788F68C}.CI|x64.ActiveCfg = Release|Any CPU
		{CAE9E389-2139-4BEB-94B5-A24E1788F68C}.CI|x64.Build.0 = Release|Any CPU
		{CAE9E389-2139-4BEB-94B5-A24E1788F68C}.CI|x86.ActiveCfg = Release|Any CPU
		{CAE9E389-2139-4BEB-94B5-A24E1788F68C}.CI|x86.Build.0 = Release|Any CPU
		{CAE9E389-2139-4BEB-94B5-A24E1788F68C}.Debug|Any CPU.ActiveCfg = Debug|Any CPU
		{CAE9E389-2139-4BEB-94B5-A24E1788F68C}.Debug|Any CPU.Build.0 = Debug|Any CPU
		{CAE9E389-2139-4BEB-94B5-A24E1788F68C}.Debug|ARM.ActiveCfg = Debug|Any CPU
		{CAE9E389-2139-4BEB-94B5-A24E1788F68C}.Debug|ARM.Build.0 = Debug|Any CPU
		{CAE9E389-2139-4BEB-94B5-A24E1788F68C}.Debug|x64.ActiveCfg = Debug|Any CPU
		{CAE9E389-2139-4BEB-94B5-A24E1788F68C}.Debug|x64.Build.0 = Debug|Any CPU
		{CAE9E389-2139-4BEB-94B5-A24E1788F68C}.Debug|x86.ActiveCfg = Debug|Any CPU
		{CAE9E389-2139-4BEB-94B5-A24E1788F68C}.Debug|x86.Build.0 = Debug|Any CPU
		{CAE9E389-2139-4BEB-94B5-A24E1788F68C}.Release|Any CPU.ActiveCfg = Release|Any CPU
		{CAE9E389-2139-4BEB-94B5-A24E1788F68C}.Release|Any CPU.Build.0 = Release|Any CPU
		{CAE9E389-2139-4BEB-94B5-A24E1788F68C}.Release|ARM.ActiveCfg = Release|Any CPU
		{CAE9E389-2139-4BEB-94B5-A24E1788F68C}.Release|ARM.Build.0 = Release|Any CPU
		{CAE9E389-2139-4BEB-94B5-A24E1788F68C}.Release|x64.ActiveCfg = Release|Any CPU
		{CAE9E389-2139-4BEB-94B5-A24E1788F68C}.Release|x64.Build.0 = Release|Any CPU
		{CAE9E389-2139-4BEB-94B5-A24E1788F68C}.Release|x86.ActiveCfg = Release|Any CPU
		{CAE9E389-2139-4BEB-94B5-A24E1788F68C}.Release|x86.Build.0 = Release|Any CPU
		{C828849A-5D3C-44E9-96BA-EEF54289AFD3}.CI|Any CPU.ActiveCfg = Release|x64
		{C828849A-5D3C-44E9-96BA-EEF54289AFD3}.CI|Any CPU.Build.0 = Release|x64
		{C828849A-5D3C-44E9-96BA-EEF54289AFD3}.CI|Any CPU.Deploy.0 = Release|x64
		{C828849A-5D3C-44E9-96BA-EEF54289AFD3}.CI|ARM.ActiveCfg = Release|ARM
		{C828849A-5D3C-44E9-96BA-EEF54289AFD3}.CI|ARM.Build.0 = Release|ARM
		{C828849A-5D3C-44E9-96BA-EEF54289AFD3}.CI|ARM.Deploy.0 = Release|ARM
		{C828849A-5D3C-44E9-96BA-EEF54289AFD3}.CI|x64.ActiveCfg = Release|x64
		{C828849A-5D3C-44E9-96BA-EEF54289AFD3}.CI|x64.Build.0 = Release|x64
		{C828849A-5D3C-44E9-96BA-EEF54289AFD3}.CI|x64.Deploy.0 = Release|x64
		{C828849A-5D3C-44E9-96BA-EEF54289AFD3}.CI|x86.ActiveCfg = Release|x86
		{C828849A-5D3C-44E9-96BA-EEF54289AFD3}.CI|x86.Build.0 = Release|x86
		{C828849A-5D3C-44E9-96BA-EEF54289AFD3}.CI|x86.Deploy.0 = Release|x86
		{C828849A-5D3C-44E9-96BA-EEF54289AFD3}.Debug|Any CPU.ActiveCfg = Debug|x86
		{C828849A-5D3C-44E9-96BA-EEF54289AFD3}.Debug|Any CPU.Build.0 = Debug|x86
		{C828849A-5D3C-44E9-96BA-EEF54289AFD3}.Debug|Any CPU.Deploy.0 = Debug|x86
		{C828849A-5D3C-44E9-96BA-EEF54289AFD3}.Debug|ARM.ActiveCfg = Debug|ARM
		{C828849A-5D3C-44E9-96BA-EEF54289AFD3}.Debug|ARM.Build.0 = Debug|ARM
		{C828849A-5D3C-44E9-96BA-EEF54289AFD3}.Debug|ARM.Deploy.0 = Debug|ARM
		{C828849A-5D3C-44E9-96BA-EEF54289AFD3}.Debug|x64.ActiveCfg = Debug|x64
		{C828849A-5D3C-44E9-96BA-EEF54289AFD3}.Debug|x64.Build.0 = Debug|x64
		{C828849A-5D3C-44E9-96BA-EEF54289AFD3}.Debug|x64.Deploy.0 = Debug|x64
		{C828849A-5D3C-44E9-96BA-EEF54289AFD3}.Debug|x86.ActiveCfg = Debug|x86
		{C828849A-5D3C-44E9-96BA-EEF54289AFD3}.Debug|x86.Build.0 = Debug|x86
		{C828849A-5D3C-44E9-96BA-EEF54289AFD3}.Debug|x86.Deploy.0 = Debug|x86
		{C828849A-5D3C-44E9-96BA-EEF54289AFD3}.Release|Any CPU.ActiveCfg = Release|x86
		{C828849A-5D3C-44E9-96BA-EEF54289AFD3}.Release|ARM.ActiveCfg = Release|ARM
		{C828849A-5D3C-44E9-96BA-EEF54289AFD3}.Release|ARM.Build.0 = Release|ARM
		{C828849A-5D3C-44E9-96BA-EEF54289AFD3}.Release|ARM.Deploy.0 = Release|ARM
		{C828849A-5D3C-44E9-96BA-EEF54289AFD3}.Release|x64.ActiveCfg = Release|x64
		{C828849A-5D3C-44E9-96BA-EEF54289AFD3}.Release|x64.Build.0 = Release|x64
		{C828849A-5D3C-44E9-96BA-EEF54289AFD3}.Release|x64.Deploy.0 = Release|x64
		{C828849A-5D3C-44E9-96BA-EEF54289AFD3}.Release|x86.ActiveCfg = Release|x86
		{C828849A-5D3C-44E9-96BA-EEF54289AFD3}.Release|x86.Build.0 = Release|x86
		{C828849A-5D3C-44E9-96BA-EEF54289AFD3}.Release|x86.Deploy.0 = Release|x86
	EndGlobalSection
	GlobalSection(SolutionProperties) = preSolution
		HideSolutionNode = FALSE
	EndGlobalSection
	GlobalSection(NestedProjects) = preSolution
		{BBB3D8F5-5E2E-4366-81CC-D37BEBE10891} = {E1DFA16F-BD7F-47B0-904F-2D884C4E76FD}
		{6BE87311-0ABB-4CDE-93AD-F8A3309A31E0} = {E1DFA16F-BD7F-47B0-904F-2D884C4E76FD}
		{30E87AE1-1276-43EB-9143-1513EB1F6FC3} = {E1DFA16F-BD7F-47B0-904F-2D884C4E76FD}
		{CAE9E389-2139-4BEB-94B5-A24E1788F68C} = {E1DFA16F-BD7F-47B0-904F-2D884C4E76FD}
		{C828849A-5D3C-44E9-96BA-EEF54289AFD3} = {D6701C5A-228F-4C50-9382-818474CAC202}
	EndGlobalSection
	GlobalSection(ExtensibilityGlobals) = postSolution
		EnterpriseLibraryConfigurationToolBinariesPath = packages\Unity.2.1.505.2\lib\NET35
		SolutionGuid = {74861D31-CA14-40A4-837D-B32580C33790}
	EndGlobalSection
EndGlobal
